
Microsoft Visual Studio Solution File, Format Version 12.00
# Visual Studio Version 16
VisualStudioVersion = 16.0.31729.503
MinimumVisualStudioVersion = 10.0.40219.1
Project("{FAE04EC0-301F-11D3-BF4B-00C04F79EFBC}") = "search", "search\search.csproj", "{579EEF67-F908-427B-AB38-281DEF49715D}"
EndProject
Global
	GlobalSection(SolutionConfigurationPlatforms) = preSolution
		Debug|Any CPU = Debug|Any CPU
		Release|Any CPU = Release|Any CPU
	EndGlobalSection
	GlobalSection(ProjectConfigurationPlatforms) = postSolution
		{579EEF67-F908-427B-AB38-281DEF49715D}.Debug|Any CPU.ActiveCfg = Debug|Any CPU
		{579EEF67-F908-427B-AB38-281DEF49715D}.Debug|Any CPU.Build.0 = Debug|Any CPU
		{579EEF67-F908-427B-AB38-281DEF49715D}.Release|Any CPU.ActiveCfg = Release|Any CPU
		{579EEF67-F908-427B-AB38-281DEF49715D}.Release|Any CPU.Build.0 = Release|Any CPU
	EndGlobalSection
	GlobalSection(SolutionProperties) = preSolution
		HideSolutionNode = FALSE
	EndGlobalSection
	GlobalSection(ExtensibilityGlobals) = postSolution
		SolutionGuid = {7EA209F7-88B2-43B6-A9C8-CA3D616B9F68}
	EndGlobalSection
EndGlobal
