
Microsoft Visual Studio Solution File, Format Version 12.00
# Visual Studio Version 16
VisualStudioVersion = 16.0.31729.503
MinimumVisualStudioVersion = 10.0.40219.1
Project("{FAE04EC0-301F-11D3-BF4B-00C04F79EFBC}") = "sort", "sort\sort.csproj", "{D973F33D-2E36-4CD1-B3BD-2ADC259CD24A}"
EndProject
Global
	GlobalSection(SolutionConfigurationPlatforms) = preSolution
		Debug|Any CPU = Debug|Any CPU
		Release|Any CPU = Release|Any CPU
	EndGlobalSection
	GlobalSection(ProjectConfigurationPlatforms) = postSolution
		{D973F33D-2E36-4CD1-B3BD-2ADC259CD24A}.Debug|Any CPU.ActiveCfg = Debug|Any CPU
		{D973F33D-2E36-4CD1-B3BD-2ADC259CD24A}.Debug|Any CPU.Build.0 = Debug|Any CPU
		{D973F33D-2E36-4CD1-B3BD-2ADC259CD24A}.Release|Any CPU.ActiveCfg = Release|Any CPU
		{D973F33D-2E36-4CD1-B3BD-2ADC259CD24A}.Release|Any CPU.Build.0 = Release|Any CPU
	EndGlobalSection
	GlobalSection(SolutionProperties) = preSolution
		HideSolutionNode = FALSE
	EndGlobalSection
	GlobalSection(ExtensibilityGlobals) = postSolution
		SolutionGuid = {2BF74659-5F96-4412-80AD-9FD8A1881F2F}
	EndGlobalSection
EndGlobal
